
Microsoft Visual Studio Solution File, Format Version 12.00
# Visual Studio Version 16
VisualStudioVersion = 16.0.31702.278
MinimumVisualStudioVersion = 10.0.40219.1
Project("{FAE04EC0-301F-11D3-BF4B-00C04F79EFBC}") = "SimpleTools", "SimpleTools\SimpleTools.csproj", "{225AAA77-7D9A-46A1-8DE9-42703B8B444F}"
EndProject
Global
	GlobalSection(SolutionConfigurationPlatforms) = preSolution
		Debug|Any CPU = Debug|Any CPU
		Release|Any CPU = Release|Any CPU
	EndGlobalSection
	GlobalSection(ProjectConfigurationPlatforms) = postSolution
		{225AAA77-7D9A-46A1-8DE9-42703B8B444F}.Debug|Any CPU.ActiveCfg = Debug|Any CPU
		{225AAA77-7D9A-46A1-8DE9-42703B8B444F}.Debug|Any CPU.Build.0 = Debug|Any CPU
		{225AAA77-7D9A-46A1-8DE9-42703B8B444F}.Release|Any CPU.ActiveCfg = Release|Any CPU
		{225AAA77-7D9A-46A1-8DE9-42703B8B444F}.Release|Any CPU.Build.0 = Release|Any CPU
	EndGlobalSection
	GlobalSection(SolutionProperties) = preSolution
		HideSolutionNode = FALSE
	EndGlobalSection
	GlobalSection(ExtensibilityGlobals) = postSolution
		SolutionGuid = {928A504F-F790-4E46-946F-5498A719D3F4}
	EndGlobalSection
EndGlobal
